
Microsoft Visual Studio Solution File, Format Version 12.00
# Visual Studio 15
VisualStudioVersion = 15.0.26124.0
MinimumVisualStudioVersion = 15.0.26124.0
Project("{FAE04EC0-301F-11D3-BF4B-00C04F79EFBC}") = "App", "App\App.csproj", "{CFE8807F-C731-4CAA-BD2C-AB9BD73EFBAD}"
EndProject
Project("{FAE04EC0-301F-11D3-BF4B-00C04F79EFBC}") = "App.Domain", "App.Domain\App.Domain.csproj", "{18D6001F-438B-4A1E-A6A7-234CCC341A80}"
EndProject
Project("{2150E333-8FDC-42A3-9474-1A3956D46DE8}") = "Test", "Test", "{AB981AB5-C05F-4067-8CFD-4B84B10ECAC4}"
EndProject
Project("{FAE04EC0-301F-11D3-BF4B-00C04F79EFBC}") = "UnitTests", "Test\UnitTests\UnitTests.csproj", "{C9972EFE-35CB-4AD3-AF78-EF44DB02A5C8}"
EndProject
Project("{FAE04EC0-301F-11D3-BF4B-00C04F79EFBC}") = "FunctionalTests", "Test\FunctionalTests\FunctionalTests.csproj", "{E2851405-9FC4-49F3-AD07-186F132F4D3F}"
EndProject
Global
	GlobalSection(SolutionConfigurationPlatforms) = preSolution
		Debug|Any CPU = Debug|Any CPU
		Debug|x64 = Debug|x64
		Debug|x86 = Debug|x86
		Release|Any CPU = Release|Any CPU
		Release|x64 = Release|x64
		Release|x86 = Release|x86
	EndGlobalSection
	GlobalSection(SolutionProperties) = preSolution
		HideSolutionNode = FALSE
	EndGlobalSection
	GlobalSection(ProjectConfigurationPlatforms) = postSolution
		{CFE8807F-C731-4CAA-BD2C-AB9BD73EFBAD}.Debug|Any CPU.ActiveCfg = Debug|Any CPU
		{CFE8807F-C731-4CAA-BD2C-AB9BD73EFBAD}.Debug|Any CPU.Build.0 = Debug|Any CPU
		{CFE8807F-C731-4CAA-BD2C-AB9BD73EFBAD}.Debug|x64.ActiveCfg = Debug|x64
		{CFE8807F-C731-4CAA-BD2C-AB9BD73EFBAD}.Debug|x64.Build.0 = Debug|x64
		{CFE8807F-C731-4CAA-BD2C-AB9BD73EFBAD}.Debug|x86.ActiveCfg = Debug|x86
		{CFE8807F-C731-4CAA-BD2C-AB9BD73EFBAD}.Debug|x86.Build.0 = Debug|x86
		{CFE8807F-C731-4CAA-BD2C-AB9BD73EFBAD}.Release|Any CPU.ActiveCfg = Release|Any CPU
		{CFE8807F-C731-4CAA-BD2C-AB9BD73EFBAD}.Release|Any CPU.Build.0 = Release|Any CPU
		{CFE8807F-C731-4CAA-BD2C-AB9BD73EFBAD}.Release|x64.ActiveCfg = Release|x64
		{CFE8807F-C731-4CAA-BD2C-AB9BD73EFBAD}.Release|x64.Build.0 = Release|x64
		{CFE8807F-C731-4CAA-BD2C-AB9BD73EFBAD}.Release|x86.ActiveCfg = Release|x86
		{CFE8807F-C731-4CAA-BD2C-AB9BD73EFBAD}.Release|x86.Build.0 = Release|x86
		{18D6001F-438B-4A1E-A6A7-234CCC341A80}.Debug|Any CPU.ActiveCfg = Debug|Any CPU
		{18D6001F-438B-4A1E-A6A7-234CCC341A80}.Debug|Any CPU.Build.0 = Debug|Any CPU
		{18D6001F-438B-4A1E-A6A7-234CCC341A80}.Debug|x64.ActiveCfg = Debug|x64
		{18D6001F-438B-4A1E-A6A7-234CCC341A80}.Debug|x64.Build.0 = Debug|x64
		{18D6001F-438B-4A1E-A6A7-234CCC341A80}.Debug|x86.ActiveCfg = Debug|x86
		{18D6001F-438B-4A1E-A6A7-234CCC341A80}.Debug|x86.Build.0 = Debug|x86
		{18D6001F-438B-4A1E-A6A7-234CCC341A80}.Release|Any CPU.ActiveCfg = Release|Any CPU
		{18D6001F-438B-4A1E-A6A7-234CCC341A80}.Release|Any CPU.Build.0 = Release|Any CPU
		{18D6001F-438B-4A1E-A6A7-234CCC341A80}.Release|x64.ActiveCfg = Release|x64
		{18D6001F-438B-4A1E-A6A7-234CCC341A80}.Release|x64.Build.0 = Release|x64
		{18D6001F-438B-4A1E-A6A7-234CCC341A80}.Release|x86.ActiveCfg = Release|x86
		{18D6001F-438B-4A1E-A6A7-234CCC341A80}.Release|x86.Build.0 = Release|x86
		{C9972EFE-35CB-4AD3-AF78-EF44DB02A5C8}.Debug|Any CPU.ActiveCfg = Debug|Any CPU
		{C9972EFE-35CB-4AD3-AF78-EF44DB02A5C8}.Debug|Any CPU.Build.0 = Debug|Any CPU
		{C9972EFE-35CB-4AD3-AF78-EF44DB02A5C8}.Debug|x64.ActiveCfg = Debug|x64
		{C9972EFE-35CB-4AD3-AF78-EF44DB02A5C8}.Debug|x64.Build.0 = Debug|x64
		{C9972EFE-35CB-4AD3-AF78-EF44DB02A5C8}.Debug|x86.ActiveCfg = Debug|x86
		{C9972EFE-35CB-4AD3-AF78-EF44DB02A5C8}.Debug|x86.Build.0 = Debug|x86
		{C9972EFE-35CB-4AD3-AF78-EF44DB02A5C8}.Release|Any CPU.ActiveCfg = Release|Any CPU
		{C9972EFE-35CB-4AD3-AF78-EF44DB02A5C8}.Release|Any CPU.Build.0 = Release|Any CPU
		{C9972EFE-35CB-4AD3-AF78-EF44DB02A5C8}.Release|x64.ActiveCfg = Release|x64
		{C9972EFE-35CB-4AD3-AF78-EF44DB02A5C8}.Release|x64.Build.0 = Release|x64
		{C9972EFE-35CB-4AD3-AF78-EF44DB02A5C8}.Release|x86.ActiveCfg = Release|x86
		{C9972EFE-35CB-4AD3-AF78-EF44DB02A5C8}.Release|x86.Build.0 = Release|x86
		{E2851405-9FC4-49F3-AD07-186F132F4D3F}.Debug|Any CPU.ActiveCfg = Debug|Any CPU
		{E2851405-9FC4-49F3-AD07-186F132F4D3F}.Debug|Any CPU.Build.0 = Debug|Any CPU
		{E2851405-9FC4-49F3-AD07-186F132F4D3F}.Debug|x64.ActiveCfg = Debug|x64
		{E2851405-9FC4-49F3-AD07-186F132F4D3F}.Debug|x64.Build.0 = Debug|x64
		{E2851405-9FC4-49F3-AD07-186F132F4D3F}.Debug|x86.ActiveCfg = Debug|x86
		{E2851405-9FC4-49F3-AD07-186F132F4D3F}.Debug|x86.Build.0 = Debug|x86
		{E2851405-9FC4-49F3-AD07-186F132F4D3F}.Release|Any CPU.ActiveCfg = Release|Any CPU
		{E2851405-9FC4-49F3-AD07-186F132F4D3F}.Release|Any CPU.Build.0 = Release|Any CPU
		{E2851405-9FC4-49F3-AD07-186F132F4D3F}.Release|x64.ActiveCfg = Release|x64
		{E2851405-9FC4-49F3-AD07-186F132F4D3F}.Release|x64.Build.0 = Release|x64
		{E2851405-9FC4-49F3-AD07-186F132F4D3F}.Release|x86.ActiveCfg = Release|x86
		{E2851405-9FC4-49F3-AD07-186F132F4D3F}.Release|x86.Build.0 = Release|x86
	EndGlobalSection
	GlobalSection(NestedProjects) = preSolution
		{C9972EFE-35CB-4AD3-AF78-EF44DB02A5C8} = {AB981AB5-C05F-4067-8CFD-4B84B10ECAC4}
		{E2851405-9FC4-49F3-AD07-186F132F4D3F} = {AB981AB5-C05F-4067-8CFD-4B84B10ECAC4}
	EndGlobalSection
EndGlobal
